
Microsoft Visual Studio Solution File, Format Version 12.00
# Visual Studio Version 16
VisualStudioVersion = 16.0.30907.101
MinimumVisualStudioVersion = 10.0.40219.1
Project("{FAE04EC0-301F-11D3-BF4B-00C04F79EFBC}") = "Demo_NTT", "Demo_NTT\Demo_NTT.csproj", "{BD44826D-C60B-4999-85A0-B681F3EC76F5}"
EndProject
Global
	GlobalSection(SolutionConfigurationPlatforms) = preSolution
		Debug|Any CPU = Debug|Any CPU
		Release|Any CPU = Release|Any CPU
	EndGlobalSection
	GlobalSection(ProjectConfigurationPlatforms) = postSolution
		{BD44826D-C60B-4999-85A0-B681F3EC76F5}.Debug|Any CPU.ActiveCfg = Debug|Any CPU
		{BD44826D-C60B-4999-85A0-B681F3EC76F5}.Debug|Any CPU.Build.0 = Debug|Any CPU
		{BD44826D-C60B-4999-85A0-B681F3EC76F5}.Release|Any CPU.ActiveCfg = Release|Any CPU
		{BD44826D-C60B-4999-85A0-B681F3EC76F5}.Release|Any CPU.Build.0 = Release|Any CPU
	EndGlobalSection
	GlobalSection(SolutionProperties) = preSolution
		HideSolutionNode = FALSE
	EndGlobalSection
	GlobalSection(ExtensibilityGlobals) = postSolution
		SolutionGuid = {D850D782-A017-42D0-920D-99A8575E97C9}
	EndGlobalSection
EndGlobal
